
Microsoft Visual Studio Solution File, Format Version 12.00
# Visual Studio Version 17
VisualStudioVersion = 17.11.35312.102
MinimumVisualStudioVersion = 10.0.40219.1
Project("{FAE04EC0-301F-11D3-BF4B-00C04F79EFBC}") = "CalculadoraSimples", "CalculadoraSimples.csproj", "{B3CFC6A7-F12C-4E98-80D2-C420425CE850}"
EndProject
Global
	GlobalSection(SolutionConfigurationPlatforms) = preSolution
		Debug|Any CPU = Debug|Any CPU
		Release|Any CPU = Release|Any CPU
	EndGlobalSection
	GlobalSection(ProjectConfigurationPlatforms) = postSolution
		{B3CFC6A7-F12C-4E98-80D2-C420425CE850}.Debug|Any CPU.ActiveCfg = Debug|Any CPU
		{B3CFC6A7-F12C-4E98-80D2-C420425CE850}.Debug|Any CPU.Build.0 = Debug|Any CPU
		{B3CFC6A7-F12C-4E98-80D2-C420425CE850}.Release|Any CPU.ActiveCfg = Release|Any CPU
		{B3CFC6A7-F12C-4E98-80D2-C420425CE850}.Release|Any CPU.Build.0 = Release|Any CPU
	EndGlobalSection
	GlobalSection(SolutionProperties) = preSolution
		HideSolutionNode = FALSE
	EndGlobalSection
	GlobalSection(ExtensibilityGlobals) = postSolution
		SolutionGuid = {84974062-CB9A-43B2-8744-BBF04134E85E}
	EndGlobalSection
EndGlobal
